{
  "version": 4,
  "terraform_version": "1.1.6",
  "serial": 12,
  "lineage": "bf0cca64-6726-6a9f-2278-dd778dd0e8f4",
  "outputs": {
    "kubernetes_cluster_host": {
      "value": "34.133.165.127",
      "type": "string"
    },
    "kubernetes_cluster_name": {
      "value": "project2-gke",
      "type": "string"
    },
    "project_id": {
      "value": "windy-album-339219",
      "type": "string"
    },
    "region": {
      "value": "us-central1",
      "type": "string"
    }
  },
  "resources": [
    {
      "mode": "managed",
      "type": "google_compute_network",
      "name": "project2-vpc",
      "provider": "provider[\"registry.terraform.io/hashicorp/google\"]",
      "instances": [
        {
          "schema_version": 0,
          "attributes": {
            "auto_create_subnetworks": false,
            "delete_default_routes_on_create": false,
            "description": "",
            "gateway_ipv4": "",
            "id": "projects/windy-album-339219/global/networks/windy-album-339219project2-vpc",
            "mtu": 0,
            "name": "windy-album-339219project2-vpc",
            "project": "windy-album-339219",
            "routing_mode": "REGIONAL",
            "self_link": "https://www.googleapis.com/compute/v1/projects/windy-album-339219/global/networks/windy-album-339219project2-vpc",
            "timeouts": null
          },
          "sensitive_attributes": [],
          "private": "eyJlMmJmYjczMC1lY2FhLTExZTYtOGY4OC0zNDM2M2JjN2M0YzAiOnsiY3JlYXRlIjoxMjAwMDAwMDAwMDAwLCJkZWxldGUiOjEyMDAwMDAwMDAwMDAsInVwZGF0ZSI6MTIwMDAwMDAwMDAwMH19"
        }
      ]
    },
    {
      "mode": "managed",
      "type": "google_compute_subnetwork",
      "name": "project2-subnet",
      "provider": "provider[\"registry.terraform.io/hashicorp/google\"]",
      "instances": [
        {
          "schema_version": 0,
          "attributes": {
            "creation_timestamp": "2022-03-01T09:40:24.473-08:00",
            "description": "",
            "external_ipv6_prefix": "",
            "fingerprint": null,
            "gateway_address": "10.10.0.1",
            "id": "projects/windy-album-339219/regions/us-central1/subnetworks/windy-album-339219-project2-subnet",
            "ip_cidr_range": "10.10.0.0/24",
            "ipv6_access_type": "",
            "ipv6_cidr_range": "",
            "log_config": [],
            "name": "windy-album-339219-project2-subnet",
            "network": "https://www.googleapis.com/compute/v1/projects/windy-album-339219/global/networks/windy-album-339219project2-vpc",
            "private_ip_google_access": false,
            "private_ipv6_google_access": "DISABLE_GOOGLE_ACCESS",
            "project": "windy-album-339219",
            "purpose": "PRIVATE",
            "region": "us-central1",
            "role": "",
            "secondary_ip_range": [],
            "self_link": "https://www.googleapis.com/compute/v1/projects/windy-album-339219/regions/us-central1/subnetworks/windy-album-339219-project2-subnet",
            "stack_type": "IPV4_ONLY",
            "timeouts": null
          },
          "sensitive_attributes": [],
          "private": "eyJlMmJmYjczMC1lY2FhLTExZTYtOGY4OC0zNDM2M2JjN2M0YzAiOnsiY3JlYXRlIjoxMjAwMDAwMDAwMDAwLCJkZWxldGUiOjEyMDAwMDAwMDAwMDAsInVwZGF0ZSI6MTIwMDAwMDAwMDAwMH19",
          "dependencies": [
            "google_compute_network.project2-vpc"
          ]
        }
      ]
    },
    {
      "mode": "managed",
      "type": "google_container_cluster",
      "name": "primary",
      "provider": "provider[\"registry.terraform.io/hashicorp/google\"]",
      "instances": [
        {
          "schema_version": 1,
          "attributes": {
            "addons_config": [
              {
                "cloudrun_config": [],
                "gcp_filestore_csi_driver_config": [],
                "horizontal_pod_autoscaling": [],
                "http_load_balancing": [],
                "network_policy_config": [
                  {
                    "disabled": true
                  }
                ]
              }
            ],
            "authenticator_groups_config": [],
            "cluster_autoscaling": [
              {
                "auto_provisioning_defaults": [],
                "enabled": false,
                "resource_limits": []
              }
            ],
            "cluster_ipv4_cidr": "10.104.0.0/14",
            "confidential_nodes": [],
            "database_encryption": [
              {
                "key_name": "",
                "state": "DECRYPTED"
              }
            ],
            "datapath_provider": "",
            "default_max_pods_per_node": null,
            "default_snat_status": [
              {
                "disabled": false
              }
            ],
            "description": "",
            "dns_config": [],
            "enable_autopilot": false,
            "enable_binary_authorization": false,
            "enable_intranode_visibility": false,
            "enable_kubernetes_alpha": false,
            "enable_legacy_abac": false,
            "enable_shielded_nodes": true,
            "enable_tpu": false,
            "endpoint": "34.133.165.127",
            "id": "projects/windy-album-339219/locations/us-central1/clusters/project2-gke",
            "initial_node_count": 1,
            "ip_allocation_policy": [],
            "label_fingerprint": "a9dc16a7",
            "location": "us-central1",
            "logging_config": [
              {
                "enable_components": [
                  "SYSTEM_COMPONENTS",
                  "WORKLOADS"
                ]
              }
            ],
            "logging_service": "logging.googleapis.com/kubernetes",
            "maintenance_policy": [],
            "master_auth": [
              {
                "client_certificate": "",
                "client_certificate_config": [
                  {
                    "issue_client_certificate": false
                  }
                ],
                "client_key": "",
                "cluster_ca_certificate": "LS0tLS1CRUdJTiBDRVJUSUZJQ0FURS0tLS0tCk1JSUVMRENDQXBTZ0F3SUJBZ0lRZWFITHVMWTVuaHhINGRmcTI1QlArREFOQmdrcWhraUc5dzBCQVFzRkFEQXYKTVMwd0t3WURWUVFERXlReE1EaGlZekZpT1MwNU1XTXlMVFEzTlRZdE9HSXlaQzB4WTJVMU5HSTBOVFUxTWprdwpJQmNOTWpJd016QXhNVFkxTWpNd1doZ1BNakExTWpBeU1qSXhOelV5TXpCYU1DOHhMVEFyQmdOVkJBTVRKREV3Ck9HSmpNV0k1TFRreFl6SXRORGMxTmkwNFlqSmtMVEZqWlRVMFlqUTFOVFV5T1RDQ0FhSXdEUVlKS29aSWh2Y04KQVFFQkJRQURnZ0dQQURDQ0FZb0NnZ0dCQU4rSHVaczZ3NWpXcEc5MzVVd1hCZ2c3OGNzSFpXL3cvWU10bkRqQwoydit5WUJOeVFVOG1yVU44YklyQ3R0d2V4TVVacGllRDBXYyszTk80V1RWZk9LMEdobjBLaU51YUFvbzk5Unp5CmpKNHAwWEZvWmwvVTc5ak9LaTZrYisrRWRhbU1XbkxJQmpwL3BWZSt0ODJVQ2RUYUpyY3QrRnFBNEY2MmpaOVIKeGFnSGxCV2hrcnBZblFGY1dhanV5Mjh2WkRJOVNyZWw2Zkt3K3dESFEwWUZFcVgyNy9INkZXUDNlbVVZVTN0RgpxY1FmWnN5RzFJZCszbXlWLzBIcG5vZWNlbkJvcnFEbTk4WHBONGxyd2NBdEJwTm5QOUVHRTl3V1Q3ek0rczNjCmY3bjB0Mko1MTNsU3pMZmVid050OStWY2JoSFd2aytFY1IwMU5zSGg4TTBCZDhtbjJqYlFuWUNOMnE0QnNGL2UKZGRQVnlsaXR5dmtZbFpuc2NTVkNWS3hEZFRhSEZzK2VWUnMybWo1THRsVkZZNVpQeVZJdGVpMTR5a2VmcmxsbQpzVkNNMGFrTnZqaDNqTUxYb29nM2ZLRExlN1ErNEpheU1oditHaWRiZTd2MGdZa3VXbllqTS9QTzRubUNhV0s3CjJjbyt0WkZ5Yi96YjVwK0FvK2VpZFJIUDR3SURBUUFCbzBJd1FEQU9CZ05WSFE4QkFmOEVCQU1DQWdRd0R3WUQKVlIwVEFRSC9CQVV3QXdFQi96QWRCZ05WSFE0RUZnUVVKTm5oREZXcVhiT0dheFN6ekxBbzBjTEJnall3RFFZSgpLb1pJaHZjTkFRRUxCUUFEZ2dHQkFMNDhQRnNzdnluVlhWd21aeEZBaEVBbHNmVDRjL1NRUitBU0VXWWJQTDQ1CnRmQTVleStJdlVVZVEycHJEYk01bkl1cUZvM1kvOFdGS0xOaCtacGZ1Tkk2ZTB5bHYrZWRNdE9lc3ljRk1DZ0cKRDJlMHVXYzVLUkhoektBRzMzcS9EZ2RXVHhRR3NWN2twbXNlZHRuNGJmK3RicW1JbUVoOG1rSW9rOUcyS3BHVgpvRXdwRU5ydVZRbElMRUc4Z1VtTWsxcURGYXdYVnA0ZDI5UEVhdzY0UEZQQWpXS1o4L2M5clplalJMYWJFVU5WCjY4U050alNuOE5lbTZ0alQ2Wk5tTENqT3I5cjduS3JoNE5sL2hDNkRPRVRTK2NNSXNZdjNRclVMTjBtOExONEEKelFjTnpmMnNodnZIVFZORVNoeE1KbE1adFhZbk1mMkxnSjhnbHd5bVlDSWFwaGFNWjdQeUdqT2pnVWF5OXZhKwpwQTltc3d1cm85cmcwamJKVTVUK212YTZwMDZFTy9hZ3N5TjdXWVg4RW5aenJXNDBLei9PS1VCSzM2RHhva29RClp5bnR3a0w1Mmt2KzFLZmswakZtcDRHN3VublVXdi8zQTd0ZmlYVEdVSDQyQS8rMTh4OWhZUWRsZU54blJvTzYKaitQSWNzS0tkNDNGaVVhcXRCT2xBUT09Ci0tLS0tRU5EIENFUlRJRklDQVRFLS0tLS0K"
              }
            ],
            "master_authorized_networks_config": [],
            "master_version": "1.21.6-gke.1500",
            "min_master_version": null,
            "monitoring_config": [
              {
                "enable_components": [
                  "SYSTEM_COMPONENTS"
                ]
              }
            ],
            "monitoring_service": "monitoring.googleapis.com/kubernetes",
            "name": "project2-gke",
            "network": "projects/windy-album-339219/global/networks/windy-album-339219project2-vpc",
            "network_policy": [
              {
                "enabled": false,
                "provider": "PROVIDER_UNSPECIFIED"
              }
            ],
            "networking_mode": "ROUTES",
            "node_config": [],
            "node_locations": [
              "us-central1-a",
              "us-central1-b",
              "us-central1-c"
            ],
            "node_pool": [],
            "node_version": "1.21.6-gke.1500",
            "operation": null,
            "private_cluster_config": [],
            "private_ipv6_google_access": "",
            "project": "windy-album-339219",
            "release_channel": [
              {
                "channel": "REGULAR"
              }
            ],
            "remove_default_node_pool": true,
            "resource_labels": null,
            "resource_usage_export_config": [],
            "self_link": "https://container.googleapis.com/v1/projects/windy-album-339219/locations/us-central1/clusters/project2-gke",
            "services_ipv4_cidr": "10.107.240.0/20",
            "subnetwork": "projects/windy-album-339219/regions/us-central1/subnetworks/windy-album-339219-project2-subnet",
            "timeouts": null,
            "tpu_ipv4_cidr_block": "",
            "vertical_pod_autoscaling": [],
            "workload_identity_config": []
          },
          "sensitive_attributes": [],
          "private": "eyJlMmJmYjczMC1lY2FhLTExZTYtOGY4OC0zNDM2M2JjN2M0YzAiOnsiY3JlYXRlIjoyNDAwMDAwMDAwMDAwLCJkZWxldGUiOjI0MDAwMDAwMDAwMDAsInJlYWQiOjI0MDAwMDAwMDAwMDAsInVwZGF0ZSI6MzYwMDAwMDAwMDAwMH0sInNjaGVtYV92ZXJzaW9uIjoiMSJ9",
          "dependencies": [
            "google_compute_network.project2-vpc",
            "google_compute_subnetwork.project2-subnet"
          ]
        }
      ]
    },
    {
      "mode": "managed",
      "type": "google_container_node_pool",
      "name": "primary_nodes",
      "provider": "provider[\"registry.terraform.io/hashicorp/google\"]",
      "instances": [
        {
          "schema_version": 1,
          "attributes": {
            "autoscaling": [],
            "cluster": "project2-gke",
            "id": "projects/windy-album-339219/locations/us-central1/clusters/project2-gke/nodePools/project2-gke-node-pool",
            "initial_node_count": 1,
            "instance_group_urls": [
              "https://www.googleapis.com/compute/v1/projects/windy-album-339219/zones/us-central1-a/instanceGroupManagers/gke-project2-gke-project2-gke-node-po-cd146838-grp"
            ],
            "location": "us-central1",
            "managed_instance_group_urls": [
              "https://www.googleapis.com/compute/v1/projects/windy-album-339219/zones/us-central1-a/instanceGroups/gke-project2-gke-project2-gke-node-po-cd146838-grp"
            ],
            "management": [
              {
                "auto_repair": true,
                "auto_upgrade": true
              }
            ],
            "max_pods_per_node": null,
            "name": "project2-gke-node-pool",
            "name_prefix": "",
            "node_config": [
              {
                "boot_disk_kms_key": "",
                "disk_size_gb": 100,
                "disk_type": "pd-standard",
                "gcfs_config": [],
                "guest_accelerator": [],
                "image_type": "COS_CONTAINERD",
                "labels": {
                  "env": "windy-album-339219"
                },
                "local_ssd_count": 0,
                "machine_type": "n1-standard-1",
                "metadata": {
                  "disable-legacy-endpoints": "true"
                },
                "min_cpu_platform": "",
                "node_group": "",
                "oauth_scopes": [
                  "https://www.googleapis.com/auth/logging.write",
                  "https://www.googleapis.com/auth/monitoring"
                ],
                "preemptible": false,
                "service_account": "default",
                "shielded_instance_config": [
                  {
                    "enable_integrity_monitoring": true,
                    "enable_secure_boot": false
                  }
                ],
                "tags": [
                  "gke-node",
                  "windy-album-339219-gke"
                ],
                "taint": [],
                "workload_metadata_config": []
              }
            ],
            "node_count": 1,
            "node_locations": [
              "us-central1-a"
            ],
            "operation": null,
            "project": "windy-album-339219",
            "timeouts": null,
            "upgrade_settings": [
              {
                "max_surge": 1,
                "max_unavailable": 0
              }
            ],
            "version": "1.21.6-gke.1500"
          },
          "sensitive_attributes": [],
          "private": "eyJlMmJmYjczMC1lY2FhLTExZTYtOGY4OC0zNDM2M2JjN2M0YzAiOnsiY3JlYXRlIjoxODAwMDAwMDAwMDAwLCJkZWxldGUiOjE4MDAwMDAwMDAwMDAsInVwZGF0ZSI6MTgwMDAwMDAwMDAwMH0sInNjaGVtYV92ZXJzaW9uIjoiMSJ9",
          "dependencies": [
            "google_compute_network.project2-vpc",
            "google_compute_subnetwork.project2-subnet",
            "google_container_cluster.primary"
          ]
        }
      ]
    }
  ]
}
