{
  "version": 4,
  "terraform_version": "1.1.6",
  "serial": 8,
  "lineage": "bf0cca64-6726-6a9f-2278-dd778dd0e8f4",
  "outputs": {
    "kubernetes_cluster_host": {
      "value": "104.198.41.85",
      "type": "string"
    },
    "kubernetes_cluster_name": {
      "value": "windy-album-339219-project2-gke",
      "type": "string"
    },
    "project_id": {
      "value": "windy-album-339219",
      "type": "string"
    },
    "region": {
      "value": "us-central1",
      "type": "string"
    }
  },
  "resources": [
    {
      "mode": "managed",
      "type": "google_compute_network",
      "name": "project2-vpc",
      "provider": "provider[\"registry.terraform.io/hashicorp/google\"]",
      "instances": [
        {
          "schema_version": 0,
          "attributes": {
            "auto_create_subnetworks": false,
            "delete_default_routes_on_create": false,
            "description": "",
            "gateway_ipv4": "",
            "id": "projects/windy-album-339219/global/networks/windy-album-339219project2-vpc",
            "mtu": 0,
            "name": "windy-album-339219project2-vpc",
            "project": "windy-album-339219",
            "routing_mode": "REGIONAL",
            "self_link": "https://www.googleapis.com/compute/v1/projects/windy-album-339219/global/networks/windy-album-339219project2-vpc",
            "timeouts": null
          },
          "sensitive_attributes": [],
          "private": "eyJlMmJmYjczMC1lY2FhLTExZTYtOGY4OC0zNDM2M2JjN2M0YzAiOnsiY3JlYXRlIjoxMjAwMDAwMDAwMDAwLCJkZWxldGUiOjEyMDAwMDAwMDAwMDAsInVwZGF0ZSI6MTIwMDAwMDAwMDAwMH19"
        }
      ]
    },
    {
      "mode": "managed",
      "type": "google_compute_subnetwork",
      "name": "project2-subnet",
      "provider": "provider[\"registry.terraform.io/hashicorp/google\"]",
      "instances": [
        {
          "schema_version": 0,
          "attributes": {
            "creation_timestamp": "2022-03-01T09:40:24.473-08:00",
            "description": "",
            "external_ipv6_prefix": "",
            "fingerprint": null,
            "gateway_address": "10.10.0.1",
            "id": "projects/windy-album-339219/regions/us-central1/subnetworks/windy-album-339219-project2-subnet",
            "ip_cidr_range": "10.10.0.0/24",
            "ipv6_access_type": "",
            "ipv6_cidr_range": "",
            "log_config": [],
            "name": "windy-album-339219-project2-subnet",
            "network": "https://www.googleapis.com/compute/v1/projects/windy-album-339219/global/networks/windy-album-339219project2-vpc",
            "private_ip_google_access": false,
            "private_ipv6_google_access": "DISABLE_GOOGLE_ACCESS",
            "project": "windy-album-339219",
            "purpose": "PRIVATE",
            "region": "us-central1",
            "role": "",
            "secondary_ip_range": [],
            "self_link": "https://www.googleapis.com/compute/v1/projects/windy-album-339219/regions/us-central1/subnetworks/windy-album-339219-project2-subnet",
            "stack_type": "IPV4_ONLY",
            "timeouts": null
          },
          "sensitive_attributes": [],
          "private": "eyJlMmJmYjczMC1lY2FhLTExZTYtOGY4OC0zNDM2M2JjN2M0YzAiOnsiY3JlYXRlIjoxMjAwMDAwMDAwMDAwLCJkZWxldGUiOjEyMDAwMDAwMDAwMDAsInVwZGF0ZSI6MTIwMDAwMDAwMDAwMH19",
          "dependencies": [
            "google_compute_network.project2-vpc"
          ]
        }
      ]
    },
    {
      "mode": "managed",
      "type": "google_compute_subnetwork",
      "name": "subnet",
      "provider": "provider[\"registry.terraform.io/hashicorp/google\"]",
      "instances": []
    },
    {
      "mode": "managed",
      "type": "google_container_cluster",
      "name": "primary",
      "provider": "provider[\"registry.terraform.io/hashicorp/google\"]",
      "instances": [
        {
          "schema_version": 1,
          "attributes": {
            "addons_config": [
              {
                "cloudrun_config": [],
                "gcp_filestore_csi_driver_config": [],
                "horizontal_pod_autoscaling": [],
                "http_load_balancing": [],
                "network_policy_config": [
                  {
                    "disabled": true
                  }
                ]
              }
            ],
            "authenticator_groups_config": [],
            "cluster_autoscaling": [
              {
                "auto_provisioning_defaults": [],
                "enabled": false,
                "resource_limits": []
              }
            ],
            "cluster_ipv4_cidr": "10.12.0.0/14",
            "confidential_nodes": [],
            "database_encryption": [
              {
                "key_name": "",
                "state": "DECRYPTED"
              }
            ],
            "datapath_provider": "",
            "default_max_pods_per_node": null,
            "default_snat_status": [
              {
                "disabled": false
              }
            ],
            "description": "",
            "dns_config": [],
            "enable_autopilot": false,
            "enable_binary_authorization": false,
            "enable_intranode_visibility": false,
            "enable_kubernetes_alpha": false,
            "enable_legacy_abac": false,
            "enable_shielded_nodes": true,
            "enable_tpu": false,
            "endpoint": "104.198.41.85",
            "id": "projects/windy-album-339219/locations/us-central1/clusters/windy-album-339219-project2-gke",
            "initial_node_count": 1,
            "ip_allocation_policy": [],
            "label_fingerprint": "a9dc16a7",
            "location": "us-central1",
            "logging_config": [
              {
                "enable_components": [
                  "SYSTEM_COMPONENTS",
                  "WORKLOADS"
                ]
              }
            ],
            "logging_service": "logging.googleapis.com/kubernetes",
            "maintenance_policy": [],
            "master_auth": [
              {
                "client_certificate": "",
                "client_certificate_config": [
                  {
                    "issue_client_certificate": false
                  }
                ],
                "client_key": "",
                "cluster_ca_certificate": "LS0tLS1CRUdJTiBDRVJUSUZJQ0FURS0tLS0tCk1JSUVMRENDQXBTZ0F3SUJBZ0lRVno3MHA2RFZMN2taREJlanNUZk1TakFOQmdrcWhraUc5dzBCQVFzRkFEQXYKTVMwd0t3WURWUVFERXlSbE5UaGxZakl5WlMwNU1qa3pMVFJpTVRndE9UWTRNaTAyTmpJMU4yVmtNVEJpT1RrdwpJQmNOTWpJd016QXhNVFkwTURRMldoZ1BNakExTWpBeU1qSXhOelF3TkRaYU1DOHhMVEFyQmdOVkJBTVRKR1UxCk9HVmlNakpsTFRreU9UTXROR0l4T0MwNU5qZ3lMVFkyTWpVM1pXUXhNR0k1T1RDQ0FhSXdEUVlKS29aSWh2Y04KQVFFQkJRQURnZ0dQQURDQ0FZb0NnZ0dCQU4xcDZ5cUdVNUs5NHNvdkpxNzNLMFZiUjU4Zm9UTFByZyt6N2w1dgpjVE1EL0tzbWV3VFo4MGFXSWt1VU5abGFSaWh6NGM3aTl3Q0xUMTMwNytVTjBpbWhhV2YwUWJTcmhnUWNSbWRwCnhCeHB3UnF6QlMwV0QrTm5tTWtQN2c1RnRaMmhOZzJYTGZzN3dFWURqdk5pY25SL28rUVlaLy9zUFRORWUzZGwKS3F2eFFoaHhVSlJvc05CR0pBSURBd2Z6Sit2MWt0WnRTckdUMlV1cGNtNVc3WmczRU15ODk3UUV0UlFUVFd1NQpLRnNSMFNkdjdOQmZSTGZVL3lIWUpDcERnSERjc3pjaHpGSHpCaUZleU96VmRyRkpXaVY4QTNmS2pVVUlSNHJlCkJjM0VLTHRrdzFTZG9Pc1dJY1NzS2NUemlqZXFXS29PSlZjRGNDemdNSVdGV1hNVUplUkRaSDhSQnRKbmx1U08KL3FIZGNVVGRrRW5mS0cwOFVqUGdpbFpwYjZFWGIvNVhJb3dlMEprMGJITFk3TFljb045Q0wra2NSNkFvTlhlSwpNTTFvd0tWL2VQM3NvWnVyT2Y5R0dBWVRRQnQ0dG9hMXdEUGptVk5WaGNuWDNGUlJZaFMwRXV2N2tyc3dPQlFICkRuZWxIZzUvakxNZjU0WjZBZS9PZTUvcHp3SURBUUFCbzBJd1FEQU9CZ05WSFE4QkFmOEVCQU1DQWdRd0R3WUQKVlIwVEFRSC9CQVV3QXdFQi96QWRCZ05WSFE0RUZnUVV2L1c3dnRTQXc1UHZTaGw4Z3hIeWdaSmFIbWN3RFFZSgpLb1pJaHZjTkFRRUxCUUFEZ2dHQkFCaEVMRkdrdTdHVjBTZURwSW44ZVRRdkRhaGo3czJhQmVZUmdpOEgwRDMwCno1WjlLQ2pSMXVFaUg1NlVrOUFJSEhUTGZKZk1SOHZYYVkrak5KVkkrSi9HR3gwbWhQOTc4a0RFRDl3WVg1UHkKMmpBWlNQRmJlZkt0UHZJVWhtaldwQTJOQjNzdFhQTU1UTklaTldJVENwR0kraDYwcXkzSzFpeDZwaUNpd3hBZAptdzZMcDBlSENXaTVEUDQ3T0IyVFYxcVhKWTVpVnQrd0Fyclo1N3FibG5hT1VjN0RLam5YNkJZT3Y3MUJYRHFlCi9PR2w0RmkwSDZlWjYyTDl2Yi83cHlkMFIrbWFxbG8xcUFMcTI5MVU5TU0xSS9hOXZjcTRPbm9uTUR4MXRRdmYKTlQveTI3eVp3MG1TYm83b0JwT0tWRU1KUE1TaCtyZVhPOVRHR21GZVcwYjY3SytySnpUeVhPWGdjdXpEYkJVRwpKMlorZ3dJL29Lem9BcGw3Wk9iMzZlenMxUFQ5SUNLTFZPdDltOGprdGhldm55TEhlckdySlFjalF1UU4wVzlrCjJRRDZCZno2dytvYnZmVWsvLzB3S0hVTzl2cHdUc001MzUyZEx4RHZJZ2QrVEd2RmVoalllbUNRaWVESVhsVm4KQ1dQdlBuQWYxczFZcnQ0MkUvUHY1dz09Ci0tLS0tRU5EIENFUlRJRklDQVRFLS0tLS0K"
              }
            ],
            "master_authorized_networks_config": [],
            "master_version": "1.21.6-gke.1500",
            "min_master_version": null,
            "monitoring_config": [
              {
                "enable_components": [
                  "SYSTEM_COMPONENTS"
                ]
              }
            ],
            "monitoring_service": "monitoring.googleapis.com/kubernetes",
            "name": "windy-album-339219-project2-gke",
            "network": "projects/windy-album-339219/global/networks/windy-album-339219project2-vpc",
            "network_policy": [
              {
                "enabled": false,
                "provider": "PROVIDER_UNSPECIFIED"
              }
            ],
            "networking_mode": "ROUTES",
            "node_config": [],
            "node_locations": [
              "us-central1-a",
              "us-central1-c",
              "us-central1-f"
            ],
            "node_pool": [],
            "node_version": "1.21.6-gke.1500",
            "operation": null,
            "private_cluster_config": [],
            "private_ipv6_google_access": "",
            "project": "windy-album-339219",
            "release_channel": [
              {
                "channel": "REGULAR"
              }
            ],
            "remove_default_node_pool": true,
            "resource_labels": null,
            "resource_usage_export_config": [],
            "self_link": "https://container.googleapis.com/v1/projects/windy-album-339219/locations/us-central1/clusters/windy-album-339219-project2-gke",
            "services_ipv4_cidr": "10.15.240.0/20",
            "subnetwork": "projects/windy-album-339219/regions/us-central1/subnetworks/windy-album-339219-project2-subnet",
            "timeouts": null,
            "tpu_ipv4_cidr_block": "",
            "vertical_pod_autoscaling": [],
            "workload_identity_config": []
          },
          "sensitive_attributes": [],
          "private": "eyJlMmJmYjczMC1lY2FhLTExZTYtOGY4OC0zNDM2M2JjN2M0YzAiOnsiY3JlYXRlIjoyNDAwMDAwMDAwMDAwLCJkZWxldGUiOjI0MDAwMDAwMDAwMDAsInJlYWQiOjI0MDAwMDAwMDAwMDAsInVwZGF0ZSI6MzYwMDAwMDAwMDAwMH0sInNjaGVtYV92ZXJzaW9uIjoiMSJ9",
          "dependencies": [
            "google_compute_network.project2-vpc",
            "google_compute_subnetwork.project2-subnet"
          ]
        }
      ]
    },
    {
      "mode": "managed",
      "type": "google_container_node_pool",
      "name": "primary_nodes",
      "provider": "provider[\"registry.terraform.io/hashicorp/google\"]",
      "instances": [
        {
          "status": "tainted",
          "schema_version": 1,
          "attributes": {
            "autoscaling": [],
            "cluster": "windy-album-339219-project2-gke",
            "id": "projects/windy-album-339219/locations/us-central1/clusters/windy-album-339219-project2-gke/nodePools/windy-album-339219-project2-gke-node-pool",
            "initial_node_count": null,
            "instance_group_urls": null,
            "location": "us-central1",
            "managed_instance_group_urls": null,
            "management": null,
            "max_pods_per_node": null,
            "name": "windy-album-339219-project2-gke-node-pool",
            "name_prefix": null,
            "node_config": [
              {
                "boot_disk_kms_key": "",
                "disk_size_gb": 0,
                "disk_type": "",
                "gcfs_config": [],
                "guest_accelerator": [],
                "image_type": "",
                "labels": {
                  "env": "windy-album-339219"
                },
                "local_ssd_count": 0,
                "machine_type": "n1-standard-1",
                "metadata": {
                  "disable-legacy-endpoints": "true"
                },
                "min_cpu_platform": "",
                "node_group": "",
                "oauth_scopes": [
                  "https://www.googleapis.com/auth/logging.write",
                  "https://www.googleapis.com/auth/monitoring"
                ],
                "preemptible": false,
                "service_account": "",
                "shielded_instance_config": [],
                "tags": [
                  "gke-node",
                  "windy-album-339219-gke"
                ],
                "taint": [],
                "workload_metadata_config": []
              }
            ],
            "node_count": 1,
            "node_locations": [
              "us-central1-a"
            ],
            "operation": null,
            "project": null,
            "timeouts": null,
            "upgrade_settings": null,
            "version": null
          },
          "sensitive_attributes": [],
          "private": "eyJlMmJmYjczMC1lY2FhLTExZTYtOGY4OC0zNDM2M2JjN2M0YzAiOnsiY3JlYXRlIjoxODAwMDAwMDAwMDAwLCJkZWxldGUiOjE4MDAwMDAwMDAwMDAsInVwZGF0ZSI6MTgwMDAwMDAwMDAwMH0sInNjaGVtYV92ZXJzaW9uIjoiMSJ9",
          "dependencies": [
            "google_compute_network.project2-vpc",
            "google_compute_subnetwork.project2-subnet",
            "google_container_cluster.primary"
          ]
        }
      ]
    }
  ]
}
